
Microsoft Visual Studio Solution File, Format Version 12.00
# Visual Studio 2012
Project("{FAE04EC0-301F-11D3-BF4B-00C04F79EFBC}") = "Fetcher.Net", "Fetcher.Net.csproj", "{79481BF4-6060-4EB9-B05F-C26514B33B01}"
EndProject
Project("{E24C65DC-7377-472B-9ABA-BC803B73C61A}") = "Web", "Bula\Fetcher\Web\", "{22552FD7-14EF-493D-BE6A-9C9F92F8A958}"
	ProjectSection(WebsiteProperties) = preProject
		TargetFrameworkMoniker = ".NETFramework,Version%3Dv2.0"
		ProjectReferences = "{79481BF4-6060-4EB9-B05F-C26514B33B01}|Fetcher.Net.dll;"
		Debug.AspNetCompiler.VirtualPath = "/Web"
		Debug.AspNetCompiler.PhysicalPath = "Bula\Fetcher\Web\"
		Debug.AspNetCompiler.TargetPath = "PrecompiledWeb\Web\"
		Debug.AspNetCompiler.Updateable = "true"
		Debug.AspNetCompiler.ForceOverwrite = "true"
		Debug.AspNetCompiler.FixedNames = "false"
		Debug.AspNetCompiler.Debug = "True"
		Release.AspNetCompiler.VirtualPath = "/Web"
		Release.AspNetCompiler.PhysicalPath = "Bula\Fetcher\Web\"
		Release.AspNetCompiler.TargetPath = "PrecompiledWeb\Web\"
		Release.AspNetCompiler.Updateable = "true"
		Release.AspNetCompiler.ForceOverwrite = "true"
		Release.AspNetCompiler.FixedNames = "false"
		Release.AspNetCompiler.Debug = "False"
		DefaultWebSiteLanguage = "Visual Basic"
	EndProjectSection
EndProject
Global
	GlobalSection(SolutionConfigurationPlatforms) = preSolution
		Debug|Any CPU = Debug|Any CPU
		Debug|Mixed Platforms = Debug|Mixed Platforms
		Debug|x86 = Debug|x86
		Release|Any CPU = Release|Any CPU
		Release|Mixed Platforms = Release|Mixed Platforms
		Release|x86 = Release|x86
	EndGlobalSection
	GlobalSection(ProjectConfigurationPlatforms) = postSolution
		{79481BF4-6060-4EB9-B05F-C26514B33B01}.Debug|Any CPU.ActiveCfg = Debug|Any CPU
		{79481BF4-6060-4EB9-B05F-C26514B33B01}.Debug|Any CPU.Build.0 = Debug|Any CPU
		{79481BF4-6060-4EB9-B05F-C26514B33B01}.Debug|Mixed Platforms.ActiveCfg = Debug|x86
		{79481BF4-6060-4EB9-B05F-C26514B33B01}.Debug|Mixed Platforms.Build.0 = Debug|x86
		{79481BF4-6060-4EB9-B05F-C26514B33B01}.Debug|x86.ActiveCfg = Debug|x86
		{79481BF4-6060-4EB9-B05F-C26514B33B01}.Debug|x86.Build.0 = Debug|x86
		{79481BF4-6060-4EB9-B05F-C26514B33B01}.Release|Any CPU.ActiveCfg = Release|Any CPU
		{79481BF4-6060-4EB9-B05F-C26514B33B01}.Release|Any CPU.Build.0 = Release|Any CPU
		{79481BF4-6060-4EB9-B05F-C26514B33B01}.Release|Mixed Platforms.ActiveCfg = Release|x86
		{79481BF4-6060-4EB9-B05F-C26514B33B01}.Release|Mixed Platforms.Build.0 = Release|x86
		{79481BF4-6060-4EB9-B05F-C26514B33B01}.Release|x86.ActiveCfg = Release|x86
		{79481BF4-6060-4EB9-B05F-C26514B33B01}.Release|x86.Build.0 = Release|x86
		{22552FD7-14EF-493D-BE6A-9C9F92F8A958}.Debug|Any CPU.ActiveCfg = Debug|Any CPU
		{22552FD7-14EF-493D-BE6A-9C9F92F8A958}.Debug|Any CPU.Build.0 = Debug|Any CPU
		{22552FD7-14EF-493D-BE6A-9C9F92F8A958}.Debug|Mixed Platforms.ActiveCfg = Debug|Any CPU
		{22552FD7-14EF-493D-BE6A-9C9F92F8A958}.Debug|Mixed Platforms.Build.0 = Debug|Any CPU
		{22552FD7-14EF-493D-BE6A-9C9F92F8A958}.Debug|x86.ActiveCfg = Debug|Any CPU
		{22552FD7-14EF-493D-BE6A-9C9F92F8A958}.Release|Any CPU.ActiveCfg = Debug|Any CPU
		{22552FD7-14EF-493D-BE6A-9C9F92F8A958}.Release|Any CPU.Build.0 = Debug|Any CPU
		{22552FD7-14EF-493D-BE6A-9C9F92F8A958}.Release|Mixed Platforms.ActiveCfg = Debug|Any CPU
		{22552FD7-14EF-493D-BE6A-9C9F92F8A958}.Release|Mixed Platforms.Build.0 = Debug|Any CPU
		{22552FD7-14EF-493D-BE6A-9C9F92F8A958}.Release|x86.ActiveCfg = Debug|Any CPU
	EndGlobalSection
	GlobalSection(SolutionProperties) = preSolution
		HideSolutionNode = FALSE
	EndGlobalSection
EndGlobal
