
Microsoft Visual Studio Solution File, Format Version 12.00
# Visual Studio Version 16
VisualStudioVersion = 16.0.30907.101
MinimumVisualStudioVersion = 10.0.40219.1
Project("{9A19103F-16F7-4668-BE54-9A1E7A4F7556}") = "Fetcher.Net.Core", "Fetcher.Net.Core.csproj", "{A872422D-8748-4B2F-A780-AD6AEF74A5F6}"
EndProject
Project("{9A19103F-16F7-4668-BE54-9A1E7A4F7556}") = "Web.Core", "Bula\Fetcher\Web.Core\Web.Core.csproj", "{73578F8F-7505-4E33-BEE0-15BB33AC3972}"
	ProjectSection(ProjectDependencies) = postProject
		{A872422D-8748-4B2F-A780-AD6AEF74A5F6} = {A872422D-8748-4B2F-A780-AD6AEF74A5F6}
	EndProjectSection
EndProject
Global
	GlobalSection(SolutionConfigurationPlatforms) = preSolution
		Debug|Any CPU = Debug|Any CPU
		Debug|Mixed Platforms = Debug|Mixed Platforms
		Debug|x86 = Debug|x86
		Release|Any CPU = Release|Any CPU
		Release|Mixed Platforms = Release|Mixed Platforms
		Release|x86 = Release|x86
	EndGlobalSection
	GlobalSection(ProjectConfigurationPlatforms) = postSolution
		{A872422D-8748-4B2F-A780-AD6AEF74A5F6}.Debug|Any CPU.ActiveCfg = Debug|Any CPU
		{A872422D-8748-4B2F-A780-AD6AEF74A5F6}.Debug|Any CPU.Build.0 = Debug|Any CPU
		{A872422D-8748-4B2F-A780-AD6AEF74A5F6}.Debug|Mixed Platforms.ActiveCfg = Debug|Any CPU
		{A872422D-8748-4B2F-A780-AD6AEF74A5F6}.Debug|Mixed Platforms.Build.0 = Debug|Any CPU
		{A872422D-8748-4B2F-A780-AD6AEF74A5F6}.Debug|x86.ActiveCfg = Debug|Any CPU
		{A872422D-8748-4B2F-A780-AD6AEF74A5F6}.Debug|x86.Build.0 = Debug|Any CPU
		{A872422D-8748-4B2F-A780-AD6AEF74A5F6}.Release|Any CPU.ActiveCfg = Release|Any CPU
		{A872422D-8748-4B2F-A780-AD6AEF74A5F6}.Release|Any CPU.Build.0 = Release|Any CPU
		{A872422D-8748-4B2F-A780-AD6AEF74A5F6}.Release|Mixed Platforms.ActiveCfg = Release|Any CPU
		{A872422D-8748-4B2F-A780-AD6AEF74A5F6}.Release|Mixed Platforms.Build.0 = Release|Any CPU
		{A872422D-8748-4B2F-A780-AD6AEF74A5F6}.Release|x86.ActiveCfg = Release|Any CPU
		{A872422D-8748-4B2F-A780-AD6AEF74A5F6}.Release|x86.Build.0 = Release|Any CPU
		{73578F8F-7505-4E33-BEE0-15BB33AC3972}.Debug|Any CPU.ActiveCfg = Debug|Any CPU
		{73578F8F-7505-4E33-BEE0-15BB33AC3972}.Debug|Any CPU.Build.0 = Debug|Any CPU
		{73578F8F-7505-4E33-BEE0-15BB33AC3972}.Debug|Mixed Platforms.ActiveCfg = Debug|Any CPU
		{73578F8F-7505-4E33-BEE0-15BB33AC3972}.Debug|Mixed Platforms.Build.0 = Debug|Any CPU
		{73578F8F-7505-4E33-BEE0-15BB33AC3972}.Debug|x86.ActiveCfg = Debug|Any CPU
		{73578F8F-7505-4E33-BEE0-15BB33AC3972}.Debug|x86.Build.0 = Debug|Any CPU
		{73578F8F-7505-4E33-BEE0-15BB33AC3972}.Release|Any CPU.ActiveCfg = Release|Any CPU
		{73578F8F-7505-4E33-BEE0-15BB33AC3972}.Release|Any CPU.Build.0 = Release|Any CPU
		{73578F8F-7505-4E33-BEE0-15BB33AC3972}.Release|Mixed Platforms.ActiveCfg = Release|Any CPU
		{73578F8F-7505-4E33-BEE0-15BB33AC3972}.Release|Mixed Platforms.Build.0 = Release|Any CPU
		{73578F8F-7505-4E33-BEE0-15BB33AC3972}.Release|x86.ActiveCfg = Release|Any CPU
		{73578F8F-7505-4E33-BEE0-15BB33AC3972}.Release|x86.Build.0 = Release|Any CPU
	EndGlobalSection
	GlobalSection(SolutionProperties) = preSolution
		HideSolutionNode = FALSE
	EndGlobalSection
	GlobalSection(ExtensibilityGlobals) = postSolution
		SolutionGuid = {A75A1958-452A-44EB-A54E-8E7734336E36}
	EndGlobalSection
EndGlobal
